
Microsoft Visual Studio Solution File, Format Version 12.00
# Visual Studio Version 17
VisualStudioVersion = 17.13.35828.75
MinimumVisualStudioVersion = 10.0.40219.1
Project("{FAE04EC0-301F-11D3-BF4B-00C04F79EFBC}") = "FCG", "FCG\FCG.csproj", "{E242D872-802A-4ADD-9C7C-8DB146CACEB5}"
EndProject
Project("{FAE04EC0-301F-11D3-BF4B-00C04F79EFBC}") = "TEST-FCG", "TEST-FCG\TEST-FCG.csproj", "{20C3EE44-8880-49CD-9FA3-BD3BE55CC620}"
EndProject
Project("{2150E333-8FDC-42A3-9474-1A3956D46DE8}") = "src", "src", "{02EA681E-C7D8-13C7-8484-4AC65E1B71E8}"
EndProject
Project("{2150E333-8FDC-42A3-9474-1A3956D46DE8}") = "testes", "testes", "{C18B9402-30EF-4D13-A57C-153AFCB669E2}"
EndProject
Project("{2150E333-8FDC-42A3-9474-1A3956D46DE8}") = "core", "core", "{08D5DDEE-1B7F-47B6-BD5F-10FD71B89994}"
EndProject
Project("{2150E333-8FDC-42A3-9474-1A3956D46DE8}") = "adapters", "adapters", "{8912017A-033D-4952-AE7C-4C8A65B2EFED}"
EndProject
Project("{FAE04EC0-301F-11D3-BF4B-00C04F79EFBC}") = "Infra", "Infra\Infra.csproj", "{F9C58A4D-FD89-4979-A80B-D78C6AF47893}"
EndProject
Project("{2150E333-8FDC-42A3-9474-1A3956D46DE8}") = "Driven", "Driven", "{266651D1-E450-438A-8713-C1D653FBA698}"
EndProject
Project("{2150E333-8FDC-42A3-9474-1A3956D46DE8}") = "Driver", "Driver", "{952D54C7-2F5B-4CD4-B220-5601AD527380}"
EndProject
Project("{FAE04EC0-301F-11D3-BF4B-00C04F79EFBC}") = "Aplication", "Aplication\Aplication.csproj", "{0114EEC7-5736-4D68-B682-2D03BD4ADCD4}"
EndProject
Project("{FAE04EC0-301F-11D3-BF4B-00C04F79EFBC}") = "Dominio", "Dominio\Dominio.csproj", "{24CA8517-CE12-4862-AEA6-D6733CBBDD5F}"
EndProject
Global
	GlobalSection(SolutionConfigurationPlatforms) = preSolution
		Debug|Any CPU = Debug|Any CPU
		Release|Any CPU = Release|Any CPU
	EndGlobalSection
	GlobalSection(ProjectConfigurationPlatforms) = postSolution
		{E242D872-802A-4ADD-9C7C-8DB146CACEB5}.Debug|Any CPU.ActiveCfg = Debug|Any CPU
		{E242D872-802A-4ADD-9C7C-8DB146CACEB5}.Debug|Any CPU.Build.0 = Debug|Any CPU
		{E242D872-802A-4ADD-9C7C-8DB146CACEB5}.Release|Any CPU.ActiveCfg = Release|Any CPU
		{E242D872-802A-4ADD-9C7C-8DB146CACEB5}.Release|Any CPU.Build.0 = Release|Any CPU
		{20C3EE44-8880-49CD-9FA3-BD3BE55CC620}.Debug|Any CPU.ActiveCfg = Debug|Any CPU
		{20C3EE44-8880-49CD-9FA3-BD3BE55CC620}.Debug|Any CPU.Build.0 = Debug|Any CPU
		{20C3EE44-8880-49CD-9FA3-BD3BE55CC620}.Release|Any CPU.ActiveCfg = Release|Any CPU
		{20C3EE44-8880-49CD-9FA3-BD3BE55CC620}.Release|Any CPU.Build.0 = Release|Any CPU
		{F9C58A4D-FD89-4979-A80B-D78C6AF47893}.Debug|Any CPU.ActiveCfg = Debug|Any CPU
		{F9C58A4D-FD89-4979-A80B-D78C6AF47893}.Debug|Any CPU.Build.0 = Debug|Any CPU
		{F9C58A4D-FD89-4979-A80B-D78C6AF47893}.Release|Any CPU.ActiveCfg = Release|Any CPU
		{F9C58A4D-FD89-4979-A80B-D78C6AF47893}.Release|Any CPU.Build.0 = Release|Any CPU
		{0114EEC7-5736-4D68-B682-2D03BD4ADCD4}.Debug|Any CPU.ActiveCfg = Debug|Any CPU
		{0114EEC7-5736-4D68-B682-2D03BD4ADCD4}.Debug|Any CPU.Build.0 = Debug|Any CPU
		{0114EEC7-5736-4D68-B682-2D03BD4ADCD4}.Release|Any CPU.ActiveCfg = Release|Any CPU
		{0114EEC7-5736-4D68-B682-2D03BD4ADCD4}.Release|Any CPU.Build.0 = Release|Any CPU
		{24CA8517-CE12-4862-AEA6-D6733CBBDD5F}.Debug|Any CPU.ActiveCfg = Debug|Any CPU
		{24CA8517-CE12-4862-AEA6-D6733CBBDD5F}.Debug|Any CPU.Build.0 = Debug|Any CPU
		{24CA8517-CE12-4862-AEA6-D6733CBBDD5F}.Release|Any CPU.ActiveCfg = Release|Any CPU
		{24CA8517-CE12-4862-AEA6-D6733CBBDD5F}.Release|Any CPU.Build.0 = Release|Any CPU
	EndGlobalSection
	GlobalSection(SolutionProperties) = preSolution
		HideSolutionNode = FALSE
	EndGlobalSection
	GlobalSection(NestedProjects) = preSolution
		{20C3EE44-8880-49CD-9FA3-BD3BE55CC620} = {C18B9402-30EF-4D13-A57C-153AFCB669E2}
		{08D5DDEE-1B7F-47B6-BD5F-10FD71B89994} = {02EA681E-C7D8-13C7-8484-4AC65E1B71E8}
		{8912017A-033D-4952-AE7C-4C8A65B2EFED} = {02EA681E-C7D8-13C7-8484-4AC65E1B71E8}
		{F9C58A4D-FD89-4979-A80B-D78C6AF47893} = {266651D1-E450-438A-8713-C1D653FBA698}
		{266651D1-E450-438A-8713-C1D653FBA698} = {8912017A-033D-4952-AE7C-4C8A65B2EFED}
		{952D54C7-2F5B-4CD4-B220-5601AD527380} = {8912017A-033D-4952-AE7C-4C8A65B2EFED}
		{0114EEC7-5736-4D68-B682-2D03BD4ADCD4} = {08D5DDEE-1B7F-47B6-BD5F-10FD71B89994}
		{24CA8517-CE12-4862-AEA6-D6733CBBDD5F} = {08D5DDEE-1B7F-47B6-BD5F-10FD71B89994}
	EndGlobalSection
	GlobalSection(ExtensibilityGlobals) = postSolution
		SolutionGuid = {A6CBB4B5-DA4D-4AFF-8BFE-BAD7617089B9}
	EndGlobalSection
EndGlobal
